dependencies:
- name: mongodb
  repository: https://charts.bitnami.com/bitnami
  version: 12.1.31
- name: rabbitmq
  repository: https://charts.bitnami.com/bitnami
  version: 12.0.4
- name: postgresql
  repository: https://charts.bitnami.com/bitnami
  version: 11.9.11
digest: sha256:18e2833d736bfa0e90ace926b5e24d28592c9bffb76a5273e20dd29e7a8b5ee7
generated: "2023-07-06T17:31:36.012907793+02:00"
