dependencies:
- name: mongodb
  repository: https://charts.bitnami.com/bitnami
  version: 10.30.12
- name: rabbitmq
  repository: https://charts.bitnami.com/bitnami
  version: 8.26.3
- name: redis
  repository: https://charts.bitnami.com/bitnami
  version: 16.0.0
- name: postgresql
  repository: https://charts.bitnami.com/bitnami
  version: 10.15.1
digest: sha256:3be6c91af8f656981fa4a4fce2b0bfe86b42f29d52f999cb989fe9d8fb4f4f8a
generated: "2022-07-25T10:37:55.639455765+02:00"
