dependencies:
- name: mongodb
  repository: https://kubernetes-charts.storage.googleapis.com/
  version: 6.1.1
- name: redis
  repository: https://kubernetes-charts.storage.googleapis.com/
  version: 10.5.0
- name: postgresql
  repository: https://kubernetes-charts.storage.googleapis.com/
  version: 8.2.0
digest: sha256:b9ec8cc088dfdee62183d64f24dff2588938f1322d4ff5bb7103f86ab56aedd7
generated: "2020-02-12T17:41:35.065385948+01:00"
