dependencies:
- name: mongodb
  repository: https://charts.bitnami.com/bitnami
  version: 7.14.1
- name: redis
  repository: https://kubernetes-charts.storage.googleapis.com/
  version: 10.5.0
- name: postgresql
  repository: https://charts.bitnami.com/bitnami
  version: 8.9.6
- name: flower
  repository: https://raw.githubusercontent.com/coopengo/coog-helm-charts/master
  version: 0.1.3
digest: sha256:a8cf4f33353839e7c8ee139f1e4b5f949acb59c78ff63a6193abbb269a8daa64
generated: "2020-05-20T10:21:23.435531992+02:00"
