dependencies:
- name: mongodb
  repository: https://charts.bitnami.com/bitnami
  version: 10.30.12
- name: rabbitmq
  repository: https://charts.bitnami.com/bitnami
  version: 8.26.3
- name: postgresql
  repository: https://charts.bitnami.com/bitnami
  version: 10.15.1
digest: sha256:78cdcf192ac32624bd45a19c8a0d7d1ef4d9c0516debf84a9bf8076988b80dd9
generated: "2022-07-27T10:41:45.143951091+02:00"
